// !$*UTF8*$!
{
	archiveVersion = 1;
	classes = {
	};
	objectVersion = 46;
	objects = {

/* Begin PBXBuildFile section */
		DA54B7DE1C67ED2900269632 /* PacketDriver.hpp in Headers */ = {isa = PBXBuildFile; fileRef = DA54B7DD1C67ED2900269632 /* PacketDriver.hpp */; };
		DA54B7E21C67ED2900269632 /* PacketDriver.cpp in Sources */ = {isa = PBXBuildFile; fileRef = DA54B7E11C67ED2900269632 /* PacketDriver.cpp */; };
		DA54B7F21C67F84700269632 /* PacketWrapper.cpp in Sources */ = {isa = PBXBuildFile; fileRef = DA54B7F01C67F84700269632 /* PacketWrapper.cpp */; };
		DA54B7F31C67F84700269632 /* PacketWrapper.hpp in Headers */ = {isa = PBXBuildFile; fileRef = DA54B7F11C67F84700269632 /* PacketWrapper.hpp */; };
		DA54B7F71C67FC1D00269632 /* Packet.hpp in Headers */ = {isa = PBXBuildFile; fileRef = DA54B7F51C67FC1D00269632 /* Packet.hpp */; };
		DA54B7FB1C68076A00269632 /* Crc.hpp in Headers */ = {isa = PBXBuildFile; fileRef = DA54B7F91C68076A00269632 /* Crc.hpp */; };
		DA54B8051C6C2C4100269632 /* Record.hpp in Headers */ = {isa = PBXBuildFile; fileRef = DA54B8031C6C2C4100269632 /* Record.hpp */; };
		DA54B8091C6EC65C00269632 /* PacketRouter.cpp in Sources */ = {isa = PBXBuildFile; fileRef = DA54B8071C6EC65C00269632 /* PacketRouter.cpp */; };
		DA54B80A1C6EC65C00269632 /* PacketRouter.hpp in Headers */ = {isa = PBXBuildFile; fileRef = DA54B8081C6EC65C00269632 /* PacketRouter.hpp */; };
		DAEDC9581C993792009B1794 /* TcpDevice.h in Headers */ = {isa = PBXBuildFile; fileRef = DAEDC9571C993792009B1794 /* TcpDevice.h */; };
		DAEDC95B1C993A0A009B1794 /* IIODevice.h in Headers */ = {isa = PBXBuildFile; fileRef = DAEDC95A1C993A0A009B1794 /* IIODevice.h */; };
		DAEDC95D1C993C49009B1794 /* TypeDefs.h in Headers */ = {isa = PBXBuildFile; fileRef = DAEDC95C1C993C49009B1794 /* TypeDefs.h */; };
		DAEDC95F1C993F26009B1794 /* Errors.h in Headers */ = {isa = PBXBuildFile; fileRef = DAEDC95E1C993F26009B1794 /* Errors.h */; };
		DAEDC9611C99467C009B1794 /* TcpDevice.cpp in Sources */ = {isa = PBXBuildFile; fileRef = DAEDC9601C99467C009B1794 /* TcpDevice.cpp */; };
		DAEDC96B1C9A5C69009B1794 /* libprotobuf.a in Frameworks */ = {isa = PBXBuildFile; fileRef = DAEDC96A1C9A5C69009B1794 /* libprotobuf.a */; };
		DAEDC9771C9A69C5009B1794 /* records.pb.cc in Sources */ = {isa = PBXBuildFile; fileRef = DAEDC9751C9A69C5009B1794 /* records.pb.cc */; };
		DAEDC9781C9A69C5009B1794 /* records.pb.h in Headers */ = {isa = PBXBuildFile; fileRef = DAEDC9761C9A69C5009B1794 /* records.pb.h */; };
		DAEDC9811C9BE185009B1794 /* packet.pb.cc in Sources */ = {isa = PBXBuildFile; fileRef = DAEDC97F1C9BE185009B1794 /* packet.pb.cc */; };
		DAEDC9821C9BE185009B1794 /* packet.pb.h in Headers */ = {isa = PBXBuildFile; fileRef = DAEDC9801C9BE185009B1794 /* packet.pb.h */; };
/* End PBXBuildFile section */

/* Begin PBXBuildRule section */
		DAEDC9621C9A548C009B1794 /* PBXBuildRule */ = {
			isa = PBXBuildRule;
			compilerSpec = com.apple.compilers.proxy.script;
			filePatterns = "*.proto";
			fileType = pattern.proxy;
			isEditable = 1;
			outputFiles = (
			);
			script = "";
		};
/* End PBXBuildRule section */

/* Begin PBXFileReference section */
		DA54B7DA1C67ED2900269632 /* libChatLib.a */ = {isa = PBXFileReference; explicitFileType = archive.ar; includeInIndex = 0; path = libChatLib.a; sourceTree = BUILT_PRODUCTS_DIR; };
		DA54B7DD1C67ED2900269632 /* PacketDriver.hpp */ = {isa = PBXFileReference; lastKnownFileType = sourcecode.cpp.h; path = PacketDriver.hpp; sourceTree = "<group>"; };
		DA54B7E11C67ED2900269632 /* PacketDriver.cpp */ = {isa = PBXFileReference; lastKnownFileType = sourcecode.cpp.cpp; path = PacketDriver.cpp; sourceTree = "<group>"; };
		DA54B7F01C67F84700269632 /* PacketWrapper.cpp */ = {isa = PBXFileReference; fileEncoding = 4; lastKnownFileType = sourcecode.cpp.cpp; path = PacketWrapper.cpp; sourceTree = "<group>"; };
		DA54B7F11C67F84700269632 /* PacketWrapper.hpp */ = {isa = PBXFileReference; fileEncoding = 4; lastKnownFileType = sourcecode.cpp.h; path = PacketWrapper.hpp; sourceTree = "<group>"; };
		DA54B7F51C67FC1D00269632 /* Packet.hpp */ = {isa = PBXFileReference; fileEncoding = 4; lastKnownFileType = sourcecode.cpp.h; path = Packet.hpp; sourceTree = "<group>"; };
		DA54B7F91C68076A00269632 /* Crc.hpp */ = {isa = PBXFileReference; fileEncoding = 4; lastKnownFileType = sourcecode.cpp.h; path = Crc.hpp; sourceTree = "<group>"; };
		DA54B8031C6C2C4100269632 /* Record.hpp */ = {isa = PBXFileReference; fileEncoding = 4; lastKnownFileType = sourcecode.cpp.h; path = Record.hpp; sourceTree = "<group>"; };
		DA54B8071C6EC65C00269632 /* PacketRouter.cpp */ = {isa = PBXFileReference; fileEncoding = 4; lastKnownFileType = sourcecode.cpp.cpp; path = PacketRouter.cpp; sourceTree = "<group>"; };
		DA54B8081C6EC65C00269632 /* PacketRouter.hpp */ = {isa = PBXFileReference; fileEncoding = 4; lastKnownFileType = sourcecode.cpp.h; path = PacketRouter.hpp; sourceTree = "<group>"; };
		DAEDC9571C993792009B1794 /* TcpDevice.h */ = {isa = PBXFileReference; fileEncoding = 4; lastKnownFileType = sourcecode.c.h; path = TcpDevice.h; sourceTree = "<group>"; };
		DAEDC95A1C993A0A009B1794 /* IIODevice.h */ = {isa = PBXFileReference; fileEncoding = 4; lastKnownFileType = sourcecode.c.h; path = IIODevice.h; sourceTree = "<group>"; };
		DAEDC95C1C993C49009B1794 /* TypeDefs.h */ = {isa = PBXFileReference; fileEncoding = 4; lastKnownFileType = sourcecode.c.h; path = TypeDefs.h; sourceTree = "<group>"; };
		DAEDC95E1C993F26009B1794 /* Errors.h */ = {isa = PBXFileReference; fileEncoding = 4; lastKnownFileType = sourcecode.c.h; path = Errors.h; sourceTree = "<group>"; };
		DAEDC9601C99467C009B1794 /* TcpDevice.cpp */ = {isa = PBXFileReference; fileEncoding = 4; lastKnownFileType = sourcecode.cpp.cpp; path = TcpDevice.cpp; sourceTree = "<group>"; };
		DAEDC96A1C9A5C69009B1794 /* libprotobuf.a */ = {isa = PBXFileReference; lastKnownFileType = archive.ar; name = libprotobuf.a; path = ChatLib/Google/protobuf/lib/libprotobuf.a; sourceTree = "<group>"; };
		DAEDC9721C9A6398009B1794 /* Records.proto */ = {isa = PBXFileReference; fileEncoding = 4; lastKnownFileType = text; path = Records.proto; sourceTree = "<group>"; };
		DAEDC9741C9A6971009B1794 /* proto_script.sh */ = {isa = PBXFileReference; fileEncoding = 4; lastKnownFileType = text.script.sh; path = proto_script.sh; sourceTree = "<group>"; };
		DAEDC9751C9A69C5009B1794 /* records.pb.cc */ = {isa = PBXFileReference; fileEncoding = 4; lastKnownFileType = sourcecode.cpp.cpp; path = records.pb.cc; sourceTree = "<group>"; };
		DAEDC9761C9A69C5009B1794 /* records.pb.h */ = {isa = PBXFileReference; fileEncoding = 4; lastKnownFileType = sourcecode.c.h; path = records.pb.h; sourceTree = "<group>"; };
		DAEDC97E1C9BDBCA009B1794 /* Packet.proto */ = {isa = PBXFileReference; fileEncoding = 4; lastKnownFileType = text; path = Packet.proto; sourceTree = "<group>"; };
		DAEDC97F1C9BE185009B1794 /* packet.pb.cc */ = {isa = PBXFileReference; fileEncoding = 4; lastKnownFileType = sourcecode.cpp.cpp; path = packet.pb.cc; sourceTree = "<group>"; };
		DAEDC9801C9BE185009B1794 /* packet.pb.h */ = {isa = PBXFileReference; fileEncoding = 4; lastKnownFileType = sourcecode.c.h; path = packet.pb.h; sourceTree = "<group>"; };
/* End PBXFileReference section */

/* Begin PBXFrameworksBuildPhase section */
		DA54B7D71C67ED2900269632 /* Frameworks */ = {
			isa = PBXFrameworksBuildPhase;
			buildActionMask = 2147483647;
			files = (
				DAEDC96B1C9A5C69009B1794 /* libprotobuf.a in Frameworks */,
			);
			runOnlyForDeploymentPostprocessing = 0;
		};
/* End PBXFrameworksBuildPhase section */

/* Begin PBXGroup section */
		DA54B7D11C67ED2900269632 = {
			isa = PBXGroup;
			children = (
				DAEDC96A1C9A5C69009B1794 /* libprotobuf.a */,
				DA54B7DC1C67ED2900269632 /* ChatLib */,
				DA54B7DB1C67ED2900269632 /* Products */,
			);
			sourceTree = "<group>";
		};
		DA54B7DB1C67ED2900269632 /* Products */ = {
			isa = PBXGroup;
			children = (
				DA54B7DA1C67ED2900269632 /* libChatLib.a */,
			);
			name = Products;
			sourceTree = "<group>";
		};
		DA54B7DC1C67ED2900269632 /* ChatLib */ = {
			isa = PBXGroup;
			children = (
				DAEDC96C1C9A5F07009B1794 /* Google */,
				DAEDC9591C9939EF009B1794 /* Interface */,
				DA54B8061C6EC62D00269632 /* Service */,
				DA54B7FC1C68410400269632 /* Model */,
				DA54B7DD1C67ED2900269632 /* PacketDriver.hpp */,
				DA54B7E11C67ED2900269632 /* PacketDriver.cpp */,
				DA54B7F01C67F84700269632 /* PacketWrapper.cpp */,
				DA54B7F11C67F84700269632 /* PacketWrapper.hpp */,
				DA54B7F51C67FC1D00269632 /* Packet.hpp */,
				DA54B7F91C68076A00269632 /* Crc.hpp */,
				DAEDC9571C993792009B1794 /* TcpDevice.h */,
				DAEDC9601C99467C009B1794 /* TcpDevice.cpp */,
				DAEDC95C1C993C49009B1794 /* TypeDefs.h */,
				DAEDC95E1C993F26009B1794 /* Errors.h */,
				DAEDC9741C9A6971009B1794 /* proto_script.sh */,
			);
			path = ChatLib;
			sourceTree = "<group>";
		};
		DA54B7FC1C68410400269632 /* Model */ = {
			isa = PBXGroup;
			children = (
				DA54B8031C6C2C4100269632 /* Record.hpp */,
			);
			name = Model;
			sourceTree = "<group>";
		};
		DA54B8061C6EC62D00269632 /* Service */ = {
			isa = PBXGroup;
			children = (
				DA54B8071C6EC65C00269632 /* PacketRouter.cpp */,
				DA54B8081C6EC65C00269632 /* PacketRouter.hpp */,
			);
			name = Service;
			sourceTree = "<group>";
		};
		DAEDC9591C9939EF009B1794 /* Interface */ = {
			isa = PBXGroup;
			children = (
				DAEDC95A1C993A0A009B1794 /* IIODevice.h */,
			);
			name = Interface;
			sourceTree = "<group>";
		};
		DAEDC96C1C9A5F07009B1794 /* Google */ = {
			isa = PBXGroup;
			children = (
				DAEDC97F1C9BE185009B1794 /* packet.pb.cc */,
				DAEDC9801C9BE185009B1794 /* packet.pb.h */,
				DAEDC9751C9A69C5009B1794 /* records.pb.cc */,
				DAEDC9761C9A69C5009B1794 /* records.pb.h */,
				DAEDC9721C9A6398009B1794 /* Records.proto */,
				DAEDC97E1C9BDBCA009B1794 /* Packet.proto */,
			);
			name = Google;
			sourceTree = "<group>";
		};
/* End PBXGroup section */

/* Begin PBXHeadersBuildPhase section */
		DA54B7D81C67ED2900269632 /* Headers */ = {
			isa = PBXHeadersBuildPhase;
			buildActionMask = 2147483647;
			files = (
				DAEDC95D1C993C49009B1794 /* TypeDefs.h in Headers */,
				DAEDC9821C9BE185009B1794 /* packet.pb.h in Headers */,
				DA54B8051C6C2C4100269632 /* Record.hpp in Headers */,
				DA54B80A1C6EC65C00269632 /* PacketRouter.hpp in Headers */,
				DAEDC95B1C993A0A009B1794 /* IIODevice.h in Headers */,
				DA54B7FB1C68076A00269632 /* Crc.hpp in Headers */,
				DAEDC95F1C993F26009B1794 /* Errors.h in Headers */,
				DAEDC9781C9A69C5009B1794 /* records.pb.h in Headers */,
				DA54B7F71C67FC1D00269632 /* Packet.hpp in Headers */,
				DA54B7DE1C67ED2900269632 /* PacketDriver.hpp in Headers */,
				DA54B7F31C67F84700269632 /* PacketWrapper.hpp in Headers */,
				DAEDC9581C993792009B1794 /* TcpDevice.h in Headers */,
			);
			runOnlyForDeploymentPostprocessing = 0;
		};
/* End PBXHeadersBuildPhase section */

/* Begin PBXNativeTarget section */
		DA54B7D91C67ED2900269632 /* ChatLib */ = {
			isa = PBXNativeTarget;
			buildConfigurationList = DA54B7E51C67ED2900269632 /* Build configuration list for PBXNativeTarget "ChatLib" */;
			buildPhases = (
				DAEDC97D1C9A6B83009B1794 /* ShellScript */,
				DA54B7D61C67ED2900269632 /* Sources */,
				DA54B7D71C67ED2900269632 /* Frameworks */,
				DA54B7D81C67ED2900269632 /* Headers */,
			);
			buildRules = (
				DAEDC9621C9A548C009B1794 /* PBXBuildRule */,
			);
			dependencies = (
			);
			name = ChatLib;
			productName = ChatLib;
			productReference = DA54B7DA1C67ED2900269632 /* libChatLib.a */;
			productType = "com.apple.product-type.library.static";
		};
/* End PBXNativeTarget section */

/* Begin PBXProject section */
		DA54B7D21C67ED2900269632 /* Project object */ = {
			isa = PBXProject;
			attributes = {
				LastUpgradeCheck = 0720;
				ORGANIZATIONNAME = "Cho Chong";
				TargetAttributes = {
					DA54B7D91C67ED2900269632 = {
						CreatedOnToolsVersion = 7.2.1;
					};
				};
			};
			buildConfigurationList = DA54B7D51C67ED2900269632 /* Build configuration list for PBXProject "ChatLib" */;
			compatibilityVersion = "Xcode 3.2";
			developmentRegion = English;
			hasScannedForEncodings = 0;
			knownRegions = (
				en,
			);
			mainGroup = DA54B7D11C67ED2900269632;
			productRefGroup = DA54B7DB1C67ED2900269632 /* Products */;
			projectDirPath = "";
			projectRoot = "";
			targets = (
				DA54B7D91C67ED2900269632 /* ChatLib */,
			);
		};
/* End PBXProject section */

/* Begin PBXShellScriptBuildPhase section */
		DAEDC97D1C9A6B83009B1794 /* ShellScript */ = {
			isa = PBXShellScriptBuildPhase;
			buildActionMask = 2147483647;
			files = (
			);
			inputPaths = (
				"$(SRCROOT)/Records.proto",
			);
			outputPaths = (
				"$(DERIVED_FILE_DIR)/records.pb.cc",
				"$(DERIVED_FILE_DIR)/records.pb.h",
			);
			runOnlyForDeploymentPostprocessing = 0;
			shellPath = /bin/sh;
			shellScript = /Users/Cho/Documents/Programming/Chat/ChatLib/ChatLib/proto_script.sh;
		};
/* End PBXShellScriptBuildPhase section */

/* Begin PBXSourcesBuildPhase section */
		DA54B7D61C67ED2900269632 /* Sources */ = {
			isa = PBXSourcesBuildPhase;
			buildActionMask = 2147483647;
			files = (
				DA54B7E21C67ED2900269632 /* PacketDriver.cpp in Sources */,
				DAEDC9611C99467C009B1794 /* TcpDevice.cpp in Sources */,
				DA54B8091C6EC65C00269632 /* PacketRouter.cpp in Sources */,
				DA54B7F21C67F84700269632 /* PacketWrapper.cpp in Sources */,
				DAEDC9811C9BE185009B1794 /* packet.pb.cc in Sources */,
				DAEDC9771C9A69C5009B1794 /* records.pb.cc in Sources */,
			);
			runOnlyForDeploymentPostprocessing = 0;
		};
/* End PBXSourcesBuildPhase section */

/* Begin XCBuildConfiguration section */
		DA54B7E31C67ED2900269632 /* Debug */ = {
			isa = XCBuildConfiguration;
			buildSettings = {
				ALWAYS_SEARCH_USER_PATHS = NO;
				CLANG_CXX_LANGUAGE_STANDARD = "gnu++0x";
				CLANG_CXX_LIBRARY = "libc++";
				CLANG_ENABLE_MODULES = YES;
				CLANG_ENABLE_OBJC_ARC = YES;
				CLANG_WARN_BOOL_CONVERSION = YES;
				CLANG_WARN_CONSTANT_CONVERSION = YES;
				CLANG_WARN_DIRECT_OBJC_ISA_USAGE = YES_ERROR;
				CLANG_WARN_EMPTY_BODY = YES;
				CLANG_WARN_ENUM_CONVERSION = YES;
				CLANG_WARN_INT_CONVERSION = YES;
				CLANG_WARN_OBJC_ROOT_CLASS = YES_ERROR;
				CLANG_WARN_UNREACHABLE_CODE = YES;
				CLANG_WARN__DUPLICATE_METHOD_MATCH = YES;
				CODE_SIGN_IDENTITY = "-";
				COPY_PHASE_STRIP = NO;
				DEBUG_INFORMATION_FORMAT = dwarf;
				ENABLE_STRICT_OBJC_MSGSEND = YES;
				ENABLE_TESTABILITY = YES;
				GCC_C_LANGUAGE_STANDARD = gnu99;
				GCC_DYNAMIC_NO_PIC = NO;
				GCC_NO_COMMON_BLOCKS = YES;
				GCC_OPTIMIZATION_LEVEL = 0;
				GCC_PREPROCESSOR_DEFINITIONS = (
					"DEBUG=1",
					"$(inherited)",
				);
				GCC_WARN_64_TO_32_BIT_CONVERSION = YES;
				GCC_WARN_ABOUT_RETURN_TYPE = YES_ERROR;
				GCC_WARN_UNDECLARED_SELECTOR = YES;
				GCC_WARN_UNINITIALIZED_AUTOS = YES_AGGRESSIVE;
				GCC_WARN_UNUSED_FUNCTION = YES;
				GCC_WARN_UNUSED_VARIABLE = YES;
				MACOSX_DEPLOYMENT_TARGET = 10.11;
				MTL_ENABLE_DEBUG_INFO = YES;
				ONLY_ACTIVE_ARCH = YES;
				SDKROOT = macosx;
			};
			name = Debug;
		};
		DA54B7E41C67ED2900269632 /* Release */ = {
			isa = XCBuildConfiguration;
			buildSettings = {
				ALWAYS_SEARCH_USER_PATHS = NO;
				CLANG_CXX_LANGUAGE_STANDARD = "gnu++0x";
				CLANG_CXX_LIBRARY = "libc++";
				CLANG_ENABLE_MODULES = YES;
				CLANG_ENABLE_OBJC_ARC = YES;
				CLANG_WARN_BOOL_CONVERSION = YES;
				CLANG_WARN_CONSTANT_CONVERSION = YES;
				CLANG_WARN_DIRECT_OBJC_ISA_USAGE = YES_ERROR;
				CLANG_WARN_EMPTY_BODY = YES;
				CLANG_WARN_ENUM_CONVERSION = YES;
				CLANG_WARN_INT_CONVERSION = YES;
				CLANG_WARN_OBJC_ROOT_CLASS = YES_ERROR;
				CLANG_WARN_UNREACHABLE_CODE = YES;
				CLANG_WARN__DUPLICATE_METHOD_MATCH = YES;
				CODE_SIGN_IDENTITY = "-";
				COPY_PHASE_STRIP = NO;
				DEBUG_INFORMATION_FORMAT = "dwarf-with-dsym";
				ENABLE_NS_ASSERTIONS = NO;
				ENABLE_STRICT_OBJC_MSGSEND = YES;
				GCC_C_LANGUAGE_STANDARD = gnu99;
				GCC_NO_COMMON_BLOCKS = YES;
				GCC_WARN_64_TO_32_BIT_CONVERSION = YES;
				GCC_WARN_ABOUT_RETURN_TYPE = YES_ERROR;
				GCC_WARN_UNDECLARED_SELECTOR = YES;
				GCC_WARN_UNINITIALIZED_AUTOS = YES_AGGRESSIVE;
				GCC_WARN_UNUSED_FUNCTION = YES;
				GCC_WARN_UNUSED_VARIABLE = YES;
				MACOSX_DEPLOYMENT_TARGET = 10.11;
				MTL_ENABLE_DEBUG_INFO = NO;
				SDKROOT = macosx;
			};
			name = Release;
		};
		DA54B7E61C67ED2900269632 /* Debug */ = {
			isa = XCBuildConfiguration;
			buildSettings = {
				ALWAYS_SEARCH_USER_PATHS = YES;
				EXECUTABLE_PREFIX = lib;
				GCC_ENABLE_CPP_EXCEPTIONS = YES;
				GCC_ENABLE_CPP_RTTI = YES;
				HEADER_SEARCH_PATHS = /Users/Cho/Documents/Programming/Chat/ChatLib/ChatLib/Google/protobuf/include;
				"HEADER_SEARCH_PATHS[arch=*]" = /Users/Cho/Documents/Programming/Chat/ChatLib/ChatLib/Google/protobuf/include;
				LIBRARY_SEARCH_PATHS = (
					"$(inherited)",
					"$(PROJECT_DIR)/ChatLib/Google/protobuf/lib",
				);
				"LIBRARY_SEARCH_PATHS[arch=*]" = (
					"$(inherited)",
					"$(PROJECT_DIR)/ChatLib/Google/protobuf/lib",
				);
				PRODUCT_NAME = "$(TARGET_NAME)";
			};
			name = Debug;
		};
		DA54B7E71C67ED2900269632 /* Release */ = {
			isa = XCBuildConfiguration;
			buildSettings = {
				ALWAYS_SEARCH_USER_PATHS = YES;
				EXECUTABLE_PREFIX = lib;
				GCC_ENABLE_CPP_EXCEPTIONS = YES;
				GCC_ENABLE_CPP_RTTI = YES;
				HEADER_SEARCH_PATHS = /Users/Cho/Documents/Programming/Chat/ChatLib/ChatLib/Google/protobuf/include;
				"HEADER_SEARCH_PATHS[arch=*]" = /Users/Cho/Documents/Programming/Chat/ChatLib/ChatLib/Google/protobuf/include;
				LIBRARY_SEARCH_PATHS = (
					"$(inherited)",
					"$(PROJECT_DIR)/ChatLib/Google/protobuf/lib",
				);
				"LIBRARY_SEARCH_PATHS[arch=*]" = (
					"$(inherited)",
					"$(PROJECT_DIR)/ChatLib/Google/protobuf/lib",
				);
				PRODUCT_NAME = "$(TARGET_NAME)";
			};
			name = Release;
		};
/* End XCBuildConfiguration section */

/* Begin XCConfigurationList section */
		DA54B7D51C67ED2900269632 /* Build configuration list for PBXProject "ChatLib" */ = {
			isa = XCConfigurationList;
			buildConfigurations = (
				DA54B7E31C67ED2900269632 /* Debug */,
				DA54B7E41C67ED2900269632 /* Release */,
			);
			defaultConfigurationIsVisible = 0;
			defaultConfigurationName = Release;
		};
		DA54B7E51C67ED2900269632 /* Build configuration list for PBXNativeTarget "ChatLib" */ = {
			isa = XCConfigurationList;
			buildConfigurations = (
				DA54B7E61C67ED2900269632 /* Debug */,
				DA54B7E71C67ED2900269632 /* Release */,
			);
			defaultConfigurationIsVisible = 0;
			defaultConfigurationName = Release;
		};
/* End XCConfigurationList section */
	};
	rootObject = DA54B7D21C67ED2900269632 /* Project object */;
}
